
Microsoft Visual Studio Solution File, Format Version 12.00
# Visual Studio 15
VisualStudioVersion = 15.0.28307.572
MinimumVisualStudioVersion = 10.0.40219.1
Project("{FAE04EC0-301F-11D3-BF4B-00C04F79EFBC}") = "SocketClient", "SocketClient\SocketClient.csproj", "{427AF684-9BBA-4578-9BBC-C041AEC8EAEC}"
EndProject
Global
	GlobalSection(SolutionConfigurationPlatforms) = preSolution
		Debug|Any CPU = Debug|Any CPU
		Release|Any CPU = Release|Any CPU
	EndGlobalSection
	GlobalSection(ProjectConfigurationPlatforms) = postSolution
		{427AF684-9BBA-4578-9BBC-C041AEC8EAEC}.Debug|Any CPU.ActiveCfg = Debug|Any CPU
		{427AF684-9BBA-4578-9BBC-C041AEC8EAEC}.Debug|Any CPU.Build.0 = Debug|Any CPU
		{427AF684-9BBA-4578-9BBC-C041AEC8EAEC}.Release|Any CPU.ActiveCfg = Release|Any CPU
		{427AF684-9BBA-4578-9BBC-C041AEC8EAEC}.Release|Any CPU.Build.0 = Release|Any CPU
	EndGlobalSection
	GlobalSection(SolutionProperties) = preSolution
		HideSolutionNode = FALSE
	EndGlobalSection
	GlobalSection(ExtensibilityGlobals) = postSolution
		SolutionGuid = {905C2E1F-118B-41D3-B667-F76D2D97BE69}
	EndGlobalSection
EndGlobal
